// !$*UTF8*$!
{
	archiveVersion = 1;
	classes = {
	};
	objectVersion = 56;
	objects = {

/* Begin PBXBuildFile section */
		CB2BF64D2AC48EF7003A99E9 /* ViewCryptoController.swift in Sources */ = {isa = PBXBuildFile; fileRef = CB2BF64C2AC48EF7003A99E9 /* ViewCryptoController.swift */; };
		CB2BF64F2AC4924E003A99E9 /* CustomLabel.swift in Sources */ = {isa = PBXBuildFile; fileRef = CB2BF64E2AC4924E003A99E9 /* CustomLabel.swift */; };
		CB2BF6512AC5BFEC003A99E9 /* ViewCryptoControllerViewModel.swift in Sources */ = {isa = PBXBuildFile; fileRef = CB2BF6502AC5BFEC003A99E9 /* ViewCryptoControllerViewModel.swift */; };
		CB2BF6542AC5CE3A003A99E9 /* CoinError.swift in Sources */ = {isa = PBXBuildFile; fileRef = CB2BF6532AC5CE3A003A99E9 /* CoinError.swift */; };
		CB2BF6562ACB1FE7003A99E9 /* HTTP.swift in Sources */ = {isa = PBXBuildFile; fileRef = CB2BF6552ACB1FE7003A99E9 /* HTTP.swift */; };
		CB2BF6582ACB2152003A99E9 /* EndPoint.swift in Sources */ = {isa = PBXBuildFile; fileRef = CB2BF6572ACB2152003A99E9 /* EndPoint.swift */; };
		CB2BF65A2ACC70BB003A99E9 /* CoinService.swift in Sources */ = {isa = PBXBuildFile; fileRef = CB2BF6592ACC70BB003A99E9 /* CoinService.swift */; };
		CB2BF65C2ACC7932003A99E9 /* HomeControllerViewModel.swift in Sources */ = {isa = PBXBuildFile; fileRef = CB2BF65B2ACC7932003A99E9 /* HomeControllerViewModel.swift */; };
		CB5D4CA72AC342D4007CA851 /* AppDelegate.swift in Sources */ = {isa = PBXBuildFile; fileRef = CB5D4CA62AC342D4007CA851 /* AppDelegate.swift */; };
		CB5D4CA92AC342D4007CA851 /* SceneDelegate.swift in Sources */ = {isa = PBXBuildFile; fileRef = CB5D4CA82AC342D4007CA851 /* SceneDelegate.swift */; };
		CB5D4CAB2AC342D4007CA851 /* HomeController.swift in Sources */ = {isa = PBXBuildFile; fileRef = CB5D4CAA2AC342D4007CA851 /* HomeController.swift */; };
		CB5D4CB02AC342D6007CA851 /* Assets.xcassets in Resources */ = {isa = PBXBuildFile; fileRef = CB5D4CAF2AC342D6007CA851 /* Assets.xcassets */; };
		CB5D4CB32AC342D6007CA851 /* LaunchScreen.storyboard in Resources */ = {isa = PBXBuildFile; fileRef = CB5D4CB12AC342D6007CA851 /* LaunchScreen.storyboard */; };
		CB5D4CC12AC34567007CA851 /* Constans.swift in Sources */ = {isa = PBXBuildFile; fileRef = CB5D4CC02AC34567007CA851 /* Constans.swift */; };
		CB5D4CC32AC47AB0007CA851 /* Coin.swift in Sources */ = {isa = PBXBuildFile; fileRef = CB5D4CC22AC47AB0007CA851 /* Coin.swift */; };
		CB5D4CC52AC47C3E007CA851 /* CoinCell.swift in Sources */ = {isa = PBXBuildFile; fileRef = CB5D4CC42AC47C3E007CA851 /* CoinCell.swift */; };
/* End PBXBuildFile section */

/* Begin PBXFileReference section */
		CB2BF64C2AC48EF7003A99E9 /* ViewCryptoController.swift */ = {isa = PBXFileReference; lastKnownFileType = sourcecode.swift; path = ViewCryptoController.swift; sourceTree = "<group>"; };
		CB2BF64E2AC4924E003A99E9 /* CustomLabel.swift */ = {isa = PBXFileReference; lastKnownFileType = sourcecode.swift; path = CustomLabel.swift; sourceTree = "<group>"; };
		CB2BF6502AC5BFEC003A99E9 /* ViewCryptoControllerViewModel.swift */ = {isa = PBXFileReference; lastKnownFileType = sourcecode.swift; path = ViewCryptoControllerViewModel.swift; sourceTree = "<group>"; };
		CB2BF6532AC5CE3A003A99E9 /* CoinError.swift */ = {isa = PBXFileReference; lastKnownFileType = sourcecode.swift; path = CoinError.swift; sourceTree = "<group>"; };
		CB2BF6552ACB1FE7003A99E9 /* HTTP.swift */ = {isa = PBXFileReference; lastKnownFileType = sourcecode.swift; path = HTTP.swift; sourceTree = "<group>"; };
		CB2BF6572ACB2152003A99E9 /* EndPoint.swift */ = {isa = PBXFileReference; lastKnownFileType = sourcecode.swift; path = EndPoint.swift; sourceTree = "<group>"; };
		CB2BF6592ACC70BB003A99E9 /* CoinService.swift */ = {isa = PBXFileReference; lastKnownFileType = sourcecode.swift; path = CoinService.swift; sourceTree = "<group>"; };
		CB2BF65B2ACC7932003A99E9 /* HomeControllerViewModel.swift */ = {isa = PBXFileReference; lastKnownFileType = sourcecode.swift; path = HomeControllerViewModel.swift; sourceTree = "<group>"; };
		CB5D4CA32AC342D4007CA851 /* Crypto.app */ = {isa = PBXFileReference; explicitFileType = wrapper.application; includeInIndex = 0; path = Crypto.app; sourceTree = BUILT_PRODUCTS_DIR; };
		CB5D4CA62AC342D4007CA851 /* AppDelegate.swift */ = {isa = PBXFileReference; lastKnownFileType = sourcecode.swift; path = AppDelegate.swift; sourceTree = "<group>"; };
		CB5D4CA82AC342D4007CA851 /* SceneDelegate.swift */ = {isa = PBXFileReference; lastKnownFileType = sourcecode.swift; path = SceneDelegate.swift; sourceTree = "<group>"; };
		CB5D4CAA2AC342D4007CA851 /* HomeController.swift */ = {isa = PBXFileReference; lastKnownFileType = sourcecode.swift; path = HomeController.swift; sourceTree = "<group>"; };
		CB5D4CAF2AC342D6007CA851 /* Assets.xcassets */ = {isa = PBXFileReference; lastKnownFileType = folder.assetcatalog; path = Assets.xcassets; sourceTree = "<group>"; };
		CB5D4CB22AC342D6007CA851 /* Base */ = {isa = PBXFileReference; lastKnownFileType = file.storyboard; name = Base; path = Base.lproj/LaunchScreen.storyboard; sourceTree = "<group>"; };
		CB5D4CB42AC342D6007CA851 /* Info.plist */ = {isa = PBXFileReference; lastKnownFileType = text.plist.xml; path = Info.plist; sourceTree = "<group>"; };
		CB5D4CC02AC34567007CA851 /* Constans.swift */ = {isa = PBXFileReference; lastKnownFileType = sourcecode.swift; path = Constans.swift; sourceTree = "<group>"; };
		CB5D4CC22AC47AB0007CA851 /* Coin.swift */ = {isa = PBXFileReference; lastKnownFileType = sourcecode.swift; path = Coin.swift; sourceTree = "<group>"; };
		CB5D4CC42AC47C3E007CA851 /* CoinCell.swift */ = {isa = PBXFileReference; lastKnownFileType = sourcecode.swift; path = CoinCell.swift; sourceTree = "<group>"; };
/* End PBXFileReference section */

/* Begin PBXFrameworksBuildPhase section */
		CB5D4CA02AC342D4007CA851 /* Frameworks */ = {
			isa = PBXFrameworksBuildPhase;
			buildActionMask = 2147483647;
			files = (
			);
			runOnlyForDeploymentPostprocessing = 0;
		};
/* End PBXFrameworksBuildPhase section */

/* Begin PBXGroup section */
		CB5D4C9A2AC342D4007CA851 = {
			isa = PBXGroup;
			children = (
				CB5D4CA52AC342D4007CA851 /* Crypto */,
				CB5D4CA42AC342D4007CA851 /* Products */,
			);
			sourceTree = "<group>";
		};
		CB5D4CA42AC342D4007CA851 /* Products */ = {
			isa = PBXGroup;
			children = (
				CB5D4CA32AC342D4007CA851 /* Crypto.app */,
			);
			name = Products;
			sourceTree = "<group>";
		};
		CB5D4CA52AC342D4007CA851 /* Crypto */ = {
			isa = PBXGroup;
			children = (
				CB5D4CBF2AC34482007CA851 /* API */,
				CB5D4CBE2AC34477007CA851 /* Models */,
				CB5D4CBD2AC34466007CA851 /* Views */,
				CB5D4CBC2AC34448007CA851 /* ViewModels */,
				CB5D4CBB2AC3443A007CA851 /* Controllers */,
				CB5D4CBA2AC34410007CA851 /* Supporting */,
				CB5D4CB42AC342D6007CA851 /* Info.plist */,
			);
			path = Crypto;
			sourceTree = "<group>";
		};
		CB5D4CBA2AC34410007CA851 /* Supporting */ = {
			isa = PBXGroup;
			children = (
				CB5D4CA62AC342D4007CA851 /* AppDelegate.swift */,
				CB5D4CA82AC342D4007CA851 /* SceneDelegate.swift */,
				CB5D4CAF2AC342D6007CA851 /* Assets.xcassets */,
				CB5D4CB12AC342D6007CA851 /* LaunchScreen.storyboard */,
				CB5D4CC02AC34567007CA851 /* Constans.swift */,
				CB2BF64E2AC4924E003A99E9 /* CustomLabel.swift */,
			);
			path = Supporting;
			sourceTree = "<group>";
		};
		CB5D4CBB2AC3443A007CA851 /* Controllers */ = {
			isa = PBXGroup;
			children = (
				CB5D4CAA2AC342D4007CA851 /* HomeController.swift */,
				CB2BF64C2AC48EF7003A99E9 /* ViewCryptoController.swift */,
			);
			path = Controllers;
			sourceTree = "<group>";
		};
		CB5D4CBC2AC34448007CA851 /* ViewModels */ = {
			isa = PBXGroup;
			children = (
				CB2BF65B2ACC7932003A99E9 /* HomeControllerViewModel.swift */,
				CB2BF6502AC5BFEC003A99E9 /* ViewCryptoControllerViewModel.swift */,
			);
			path = ViewModels;
			sourceTree = "<group>";
		};
		CB5D4CBD2AC34466007CA851 /* Views */ = {
			isa = PBXGroup;
			children = (
				CB5D4CC42AC47C3E007CA851 /* CoinCell.swift */,
			);
			path = Views;
			sourceTree = "<group>";
		};
		CB5D4CBE2AC34477007CA851 /* Models */ = {
			isa = PBXGroup;
			children = (
				CB5D4CC22AC47AB0007CA851 /* Coin.swift */,
				CB2BF6532AC5CE3A003A99E9 /* CoinError.swift */,
			);
			path = Models;
			sourceTree = "<group>";
		};
		CB5D4CBF2AC34482007CA851 /* API */ = {
			isa = PBXGroup;
			children = (
				CB2BF6552ACB1FE7003A99E9 /* HTTP.swift */,
				CB2BF6572ACB2152003A99E9 /* EndPoint.swift */,
				CB2BF6592ACC70BB003A99E9 /* CoinService.swift */,
			);
			path = API;
			sourceTree = "<group>";
		};
/* End PBXGroup section */

/* Begin PBXNativeTarget section */
		CB5D4CA22AC342D4007CA851 /* Crypto */ = {
			isa = PBXNativeTarget;
			buildConfigurationList = CB5D4CB72AC342D6007CA851 /* Build configuration list for PBXNativeTarget "Crypto" */;
			buildPhases = (
				CB5D4C9F2AC342D4007CA851 /* Sources */,
				CB5D4CA02AC342D4007CA851 /* Frameworks */,
				CB5D4CA12AC342D4007CA851 /* Resources */,
			);
			buildRules = (
			);
			dependencies = (
			);
			name = Crypto;
			productName = Crypto;
			productReference = CB5D4CA32AC342D4007CA851 /* Crypto.app */;
			productType = "com.apple.product-type.application";
		};
/* End PBXNativeTarget section */

/* Begin PBXProject section */
		CB5D4C9B2AC342D4007CA851 /* Project object */ = {
			isa = PBXProject;
			attributes = {
				BuildIndependentTargetsInParallel = 1;
				LastSwiftUpdateCheck = 1400;
				LastUpgradeCheck = 1400;
				TargetAttributes = {
					CB5D4CA22AC342D4007CA851 = {
						CreatedOnToolsVersion = 14.0.1;
					};
				};
			};
			buildConfigurationList = CB5D4C9E2AC342D4007CA851 /* Build configuration list for PBXProject "Crypto" */;
			compatibilityVersion = "Xcode 14.0";
			developmentRegion = en;
			hasScannedForEncodings = 0;
			knownRegions = (
				en,
				Base,
			);
			mainGroup = CB5D4C9A2AC342D4007CA851;
			productRefGroup = CB5D4CA42AC342D4007CA851 /* Products */;
			projectDirPath = "";
			projectRoot = "";
			targets = (
				CB5D4CA22AC342D4007CA851 /* Crypto */,
			);
		};
/* End PBXProject section */

/* Begin PBXResourcesBuildPhase section */
		CB5D4CA12AC342D4007CA851 /* Resources */ = {
			isa = PBXResourcesBuildPhase;
			buildActionMask = 2147483647;
			files = (
				CB5D4CB32AC342D6007CA851 /* LaunchScreen.storyboard in Resources */,
				CB5D4CB02AC342D6007CA851 /* Assets.xcassets in Resources */,
			);
			runOnlyForDeploymentPostprocessing = 0;
		};
/* End PBXResourcesBuildPhase section */

/* Begin PBXSourcesBuildPhase section */
		CB5D4C9F2AC342D4007CA851 /* Sources */ = {
			isa = PBXSourcesBuildPhase;
			buildActionMask = 2147483647;
			files = (
				CB5D4CAB2AC342D4007CA851 /* HomeController.swift in Sources */,
				CB5D4CA72AC342D4007CA851 /* AppDelegate.swift in Sources */,
				CB5D4CC12AC34567007CA851 /* Constans.swift in Sources */,
				CB2BF64D2AC48EF7003A99E9 /* ViewCryptoController.swift in Sources */,
				CB2BF6562ACB1FE7003A99E9 /* HTTP.swift in Sources */,
				CB2BF6512AC5BFEC003A99E9 /* ViewCryptoControllerViewModel.swift in Sources */,
				CB2BF6582ACB2152003A99E9 /* EndPoint.swift in Sources */,
				CB2BF6542AC5CE3A003A99E9 /* CoinError.swift in Sources */,
				CB5D4CC32AC47AB0007CA851 /* Coin.swift in Sources */,
				CB5D4CC52AC47C3E007CA851 /* CoinCell.swift in Sources */,
				CB2BF65A2ACC70BB003A99E9 /* CoinService.swift in Sources */,
				CB5D4CA92AC342D4007CA851 /* SceneDelegate.swift in Sources */,
				CB2BF64F2AC4924E003A99E9 /* CustomLabel.swift in Sources */,
				CB2BF65C2ACC7932003A99E9 /* HomeControllerViewModel.swift in Sources */,
			);
			runOnlyForDeploymentPostprocessing = 0;
		};
/* End PBXSourcesBuildPhase section */

/* Begin PBXVariantGroup section */
		CB5D4CB12AC342D6007CA851 /* LaunchScreen.storyboard */ = {
			isa = PBXVariantGroup;
			children = (
				CB5D4CB22AC342D6007CA851 /* Base */,
			);
			name = LaunchScreen.storyboard;
			sourceTree = "<group>";
		};
/* End PBXVariantGroup section */

/* Begin XCBuildConfiguration section */
		CB5D4CB52AC342D6007CA851 /* Debug */ = {
			isa = XCBuildConfiguration;
			buildSettings = {
				ALWAYS_SEARCH_USER_PATHS = NO;
				CLANG_ANALYZER_NONNULL = YES;
				CLANG_ANALYZER_NUMBER_OBJECT_CONVERSION = YES_AGGRESSIVE;
				CLANG_CXX_LANGUAGE_STANDARD = "gnu++20";
				CLANG_ENABLE_MODULES = YES;
				CLANG_ENABLE_OBJC_ARC = YES;
				CLANG_ENABLE_OBJC_WEAK = YES;
				CLANG_WARN_BLOCK_CAPTURE_AUTORELEASING = YES;
				CLANG_WARN_BOOL_CONVERSION = YES;
				CLANG_WARN_COMMA = YES;
				CLANG_WARN_CONSTANT_CONVERSION = YES;
				CLANG_WARN_DEPRECATED_OBJC_IMPLEMENTATIONS = YES;
				CLANG_WARN_DIRECT_OBJC_ISA_USAGE = YES_ERROR;
				CLANG_WARN_DOCUMENTATION_COMMENTS = YES;
				CLANG_WARN_EMPTY_BODY = YES;
				CLANG_WARN_ENUM_CONVERSION = YES;
				CLANG_WARN_INFINITE_RECURSION = YES;
				CLANG_WARN_INT_CONVERSION = YES;
				CLANG_WARN_NON_LITERAL_NULL_CONVERSION = YES;
				CLANG_WARN_OBJC_IMPLICIT_RETAIN_SELF = YES;
				CLANG_WARN_OBJC_LITERAL_CONVERSION = YES;
				CLANG_WARN_OBJC_ROOT_CLASS = YES_ERROR;
				CLANG_WARN_QUOTED_INCLUDE_IN_FRAMEWORK_HEADER = YES;
				CLANG_WARN_RANGE_LOOP_ANALYSIS = YES;
				CLANG_WARN_STRICT_PROTOTYPES = YES;
				CLANG_WARN_SUSPICIOUS_MOVE = YES;
				CLANG_WARN_UNGUARDED_AVAILABILITY = YES_AGGRESSIVE;
				CLANG_WARN_UNREACHABLE_CODE = YES;
				CLANG_WARN__DUPLICATE_METHOD_MATCH = YES;
				COPY_PHASE_STRIP = NO;
				DEBUG_INFORMATION_FORMAT = dwarf;
				ENABLE_STRICT_OBJC_MSGSEND = YES;
				ENABLE_TESTABILITY = YES;
				GCC_C_LANGUAGE_STANDARD = gnu11;
				GCC_DYNAMIC_NO_PIC = NO;
				GCC_NO_COMMON_BLOCKS = YES;
				GCC_OPTIMIZATION_LEVEL = 0;
				GCC_PREPROCESSOR_DEFINITIONS = (
					"DEBUG=1",
					"$(inherited)",
				);
				GCC_WARN_64_TO_32_BIT_CONVERSION = YES;
				GCC_WARN_ABOUT_RETURN_TYPE = YES_ERROR;
				GCC_WARN_UNDECLARED_SELECTOR = YES;
				GCC_WARN_UNINITIALIZED_AUTOS = YES_AGGRESSIVE;
				GCC_WARN_UNUSED_FUNCTION = YES;
				GCC_WARN_UNUSED_VARIABLE = YES;
				IPHONEOS_DEPLOYMENT_TARGET = 13.0;
				MTL_ENABLE_DEBUG_INFO = INCLUDE_SOURCE;
				MTL_FAST_MATH = YES;
				ONLY_ACTIVE_ARCH = YES;
				SDKROOT = iphoneos;
				SWIFT_ACTIVE_COMPILATION_CONDITIONS = DEBUG;
				SWIFT_OPTIMIZATION_LEVEL = "-Onone";
			};
			name = Debug;
		};
		CB5D4CB62AC342D6007CA851 /* Release */ = {
			isa = XCBuildConfiguration;
			buildSettings = {
				ALWAYS_SEARCH_USER_PATHS = NO;
				CLANG_ANALYZER_NONNULL = YES;
				CLANG_ANALYZER_NUMBER_OBJECT_CONVERSION = YES_AGGRESSIVE;
				CLANG_CXX_LANGUAGE_STANDARD = "gnu++20";
				CLANG_ENABLE_MODULES = YES;
				CLANG_ENABLE_OBJC_ARC = YES;
				CLANG_ENABLE_OBJC_WEAK = YES;
				CLANG_WARN_BLOCK_CAPTURE_AUTORELEASING = YES;
				CLANG_WARN_BOOL_CONVERSION = YES;
				CLANG_WARN_COMMA = YES;
				CLANG_WARN_CONSTANT_CONVERSION = YES;
				CLANG_WARN_DEPRECATED_OBJC_IMPLEMENTATIONS = YES;
				CLANG_WARN_DIRECT_OBJC_ISA_USAGE = YES_ERROR;
				CLANG_WARN_DOCUMENTATION_COMMENTS = YES;
				CLANG_WARN_EMPTY_BODY = YES;
				CLANG_WARN_ENUM_CONVERSION = YES;
				CLANG_WARN_INFINITE_RECURSION = YES;
				CLANG_WARN_INT_CONVERSION = YES;
				CLANG_WARN_NON_LITERAL_NULL_CONVERSION = YES;
				CLANG_WARN_OBJC_IMPLICIT_RETAIN_SELF = YES;
				CLANG_WARN_OBJC_LITERAL_CONVERSION = YES;
				CLANG_WARN_OBJC_ROOT_CLASS = YES_ERROR;
				CLANG_WARN_QUOTED_INCLUDE_IN_FRAMEWORK_HEADER = YES;
				CLANG_WARN_RANGE_LOOP_ANALYSIS = YES;
				CLANG_WARN_STRICT_PROTOTYPES = YES;
				CLANG_WARN_SUSPICIOUS_MOVE = YES;
				CLANG_WARN_UNGUARDED_AVAILABILITY = YES_AGGRESSIVE;
				CLANG_WARN_UNREACHABLE_CODE = YES;
				CLANG_WARN__DUPLICATE_METHOD_MATCH = YES;
				COPY_PHASE_STRIP = NO;
				DEBUG_INFORMATION_FORMAT = "dwarf-with-dsym";
				ENABLE_NS_ASSERTIONS = NO;
				ENABLE_STRICT_OBJC_MSGSEND = YES;
				GCC_C_LANGUAGE_STANDARD = gnu11;
				GCC_NO_COMMON_BLOCKS = YES;
				GCC_WARN_64_TO_32_BIT_CONVERSION = YES;
				GCC_WARN_ABOUT_RETURN_TYPE = YES_ERROR;
				GCC_WARN_UNDECLARED_SELECTOR = YES;
				GCC_WARN_UNINITIALIZED_AUTOS = YES_AGGRESSIVE;
				GCC_WARN_UNUSED_FUNCTION = YES;
				GCC_WARN_UNUSED_VARIABLE = YES;
				IPHONEOS_DEPLOYMENT_TARGET = 13.0;
				MTL_ENABLE_DEBUG_INFO = NO;
				MTL_FAST_MATH = YES;
				SDKROOT = iphoneos;
				SWIFT_COMPILATION_MODE = wholemodule;
				SWIFT_OPTIMIZATION_LEVEL = "-O";
				VALIDATE_PRODUCT = YES;
			};
			name = Release;
		};
		CB5D4CB82AC342D6007CA851 /* Debug */ = {
			isa = XCBuildConfiguration;
			buildSettings = {
				ASSETCATALOG_COMPILER_APPICON_NAME = AppIcon;
				ASSETCATALOG_COMPILER_GLOBAL_ACCENT_COLOR_NAME = AccentColor;
				CODE_SIGN_STYLE = Automatic;
				CURRENT_PROJECT_VERSION = 1;
				DEVELOPMENT_TEAM = V2P7SXQF84;
				GENERATE_INFOPLIST_FILE = YES;
				INFOPLIST_FILE = Crypto/Info.plist;
				INFOPLIST_KEY_UIApplicationSupportsIndirectInputEvents = YES;
				INFOPLIST_KEY_UILaunchStoryboardName = LaunchScreen;
				INFOPLIST_KEY_UISupportedInterfaceOrientations_iPad = "UIInterfaceOrientationPortrait UIInterfaceOrientationPortraitUpsideDown UIInterfaceOrientationLandscapeLeft UIInterfaceOrientationLandscapeRight";
				INFOPLIST_KEY_UISupportedInterfaceOrientations_iPhone = "UIInterfaceOrientationPortrait UIInterfaceOrientationLandscapeLeft UIInterfaceOrientationLandscapeRight";
				IPHONEOS_DEPLOYMENT_TARGET = 13.0;
				LD_RUNPATH_SEARCH_PATHS = (
					"$(inherited)",
					"@executable_path/Frameworks",
				);
				MARKETING_VERSION = 1.0;
				PRODUCT_BUNDLE_IDENTIFIER = rapic.Crypto;
				PRODUCT_NAME = "$(TARGET_NAME)";
				SUPPORTED_PLATFORMS = "iphoneos iphonesimulator";
				SUPPORTS_MACCATALYST = NO;
				SUPPORTS_MAC_DESIGNED_FOR_IPHONE_IPAD = NO;
				SWIFT_EMIT_LOC_STRINGS = YES;
				SWIFT_VERSION = 5.0;
				TARGETED_DEVICE_FAMILY = 1;
			};
			name = Debug;
		};
		CB5D4CB92AC342D6007CA851 /* Release */ = {
			isa = XCBuildConfiguration;
			buildSettings = {
				ASSETCATALOG_COMPILER_APPICON_NAME = AppIcon;
				ASSETCATALOG_COMPILER_GLOBAL_ACCENT_COLOR_NAME = AccentColor;
				CODE_SIGN_STYLE = Automatic;
				CURRENT_PROJECT_VERSION = 1;
				DEVELOPMENT_TEAM = V2P7SXQF84;
				GENERATE_INFOPLIST_FILE = YES;
				INFOPLIST_FILE = Crypto/Info.plist;
				INFOPLIST_KEY_UIApplicationSupportsIndirectInputEvents = YES;
				INFOPLIST_KEY_UILaunchStoryboardName = LaunchScreen;
				INFOPLIST_KEY_UISupportedInterfaceOrientations_iPad = "UIInterfaceOrientationPortrait UIInterfaceOrientationPortraitUpsideDown UIInterfaceOrientationLandscapeLeft UIInterfaceOrientationLandscapeRight";
				INFOPLIST_KEY_UISupportedInterfaceOrientations_iPhone = "UIInterfaceOrientationPortrait UIInterfaceOrientationLandscapeLeft UIInterfaceOrientationLandscapeRight";
				IPHONEOS_DEPLOYMENT_TARGET = 13.0;
				LD_RUNPATH_SEARCH_PATHS = (
					"$(inherited)",
					"@executable_path/Frameworks",
				);
				MARKETING_VERSION = 1.0;
				PRODUCT_BUNDLE_IDENTIFIER = rapic.Crypto;
				PRODUCT_NAME = "$(TARGET_NAME)";
				SUPPORTED_PLATFORMS = "iphoneos iphonesimulator";
				SUPPORTS_MACCATALYST = NO;
				SUPPORTS_MAC_DESIGNED_FOR_IPHONE_IPAD = NO;
				SWIFT_EMIT_LOC_STRINGS = YES;
				SWIFT_VERSION = 5.0;
				TARGETED_DEVICE_FAMILY = 1;
			};
			name = Release;
		};
/* End XCBuildConfiguration section */

/* Begin XCConfigurationList section */
		CB5D4C9E2AC342D4007CA851 /* Build configuration list for PBXProject "Crypto" */ = {
			isa = XCConfigurationList;
			buildConfigurations = (
				CB5D4CB52AC342D6007CA851 /* Debug */,
				CB5D4CB62AC342D6007CA851 /* Release */,
			);
			defaultConfigurationIsVisible = 0;
			defaultConfigurationName = Release;
		};
		CB5D4CB72AC342D6007CA851 /* Build configuration list for PBXNativeTarget "Crypto" */ = {
			isa = XCConfigurationList;
			buildConfigurations = (
				CB5D4CB82AC342D6007CA851 /* Debug */,
				CB5D4CB92AC342D6007CA851 /* Release */,
			);
			defaultConfigurationIsVisible = 0;
			defaultConfigurationName = Release;
		};
/* End XCConfigurationList section */
	};
	rootObject = CB5D4C9B2AC342D4007CA851 /* Project object */;
}
